PODS:
  - LTMorphingLabel (0.6.0)

DEPENDENCIES:
  - LTMorphingLabel

SPEC REPOS:
  https://github.com/cocoapods/specs.git:
    - LTMorphingLabel

SPEC CHECKSUMS:
  LTMorphingLabel: c73ebfef9009c0a098546c29f566024442d1a91e

PODFILE CHECKSUM: 17826c7c1432846e420bd3f4caae8c62ca5cd109

COCOAPODS: 1.5.3
