PODS:
  - LTMorphingLabel (0.5.9)

DEPENDENCIES:
  - LTMorphingLabel

SPEC REPOS:
  https://github.com/cocoapods/specs.git:
    - LTMorphingLabel

SPEC CHECKSUMS:
  LTMorphingLabel: e6047354486aa4ba52d36ccc40be8874b50e1ef1

PODFILE CHECKSUM: 71954ef61a057f9d9483d4147f94b8de534e7ba1

COCOAPODS: 1.5.3
